// !$*UTF8*$!
{
	archiveVersion = 1;
	classes = {
	};
	objectVersion = 50;
	objects = {

/* Begin PBXBuildFile section */
		BC1A610F2655083800ACF455 /* AppDelegate.m in Sources */ = {isa = PBXBuildFile; fileRef = BC1A610E2655083800ACF455 /* AppDelegate.m */; };
		BC1A61122655083800ACF455 /* SceneDelegate.m in Sources */ = {isa = PBXBuildFile; fileRef = BC1A61112655083800ACF455 /* SceneDelegate.m */; };
		BC1A61152655083800ACF455 /* ViewController.m in Sources */ = {isa = PBXBuildFile; fileRef = BC1A61142655083800ACF455 /* ViewController.m */; };
		BC1A61182655083800ACF455 /* Main.storyboard in Resources */ = {isa = PBXBuildFile; fileRef = BC1A61162655083800ACF455 /* Main.storyboard */; };
		BC1A611A2655083900ACF455 /* Assets.xcassets in Resources */ = {isa = PBXBuildFile; fileRef = BC1A61192655083900ACF455 /* Assets.xcassets */; };
		BC1A611D2655083900ACF455 /* LaunchScreen.storyboard in Resources */ = {isa = PBXBuildFile; fileRef = BC1A611B2655083900ACF455 /* LaunchScreen.storyboard */; };
		BC1A61202655083900ACF455 /* main.m in Sources */ = {isa = PBXBuildFile; fileRef = BC1A611F2655083900ACF455 /* main.m */; };
		BC1A61292655096100ACF455 /* DetailViewController.m in Sources */ = {isa = PBXBuildFile; fileRef = BC1A61282655096100ACF455 /* DetailViewController.m */; };
		BC1A612F26550AD100ACF455 /* Person.m in Sources */ = {isa = PBXBuildFile; fileRef = BC1A612E26550AD100ACF455 /* Person.m */; };
		BC1A613326550AFF00ACF455 /* NSObject+KVO.m in Sources */ = {isa = PBXBuildFile; fileRef = BC1A613226550AFF00ACF455 /* NSObject+KVO.m */; };
/* End PBXBuildFile section */

/* Begin PBXFileReference section */
		BC1A610A2655083800ACF455 /* CustomKVODemo.app */ = {isa = PBXFileReference; explicitFileType = wrapper.application; includeInIndex = 0; path = CustomKVODemo.app; sourceTree = BUILT_PRODUCTS_DIR; };
		BC1A610D2655083800ACF455 /* AppDelegate.h */ = {isa = PBXFileReference; lastKnownFileType = sourcecode.c.h; path = AppDelegate.h; sourceTree = "<group>"; };
		BC1A610E2655083800ACF455 /* AppDelegate.m */ = {isa = PBXFileReference; lastKnownFileType = sourcecode.c.objc; path = AppDelegate.m; sourceTree = "<group>"; };
		BC1A61102655083800ACF455 /* SceneDelegate.h */ = {isa = PBXFileReference; lastKnownFileType = sourcecode.c.h; path = SceneDelegate.h; sourceTree = "<group>"; };
		BC1A61112655083800ACF455 /* SceneDelegate.m */ = {isa = PBXFileReference; lastKnownFileType = sourcecode.c.objc; path = SceneDelegate.m; sourceTree = "<group>"; };
		BC1A61132655083800ACF455 /* ViewController.h */ = {isa = PBXFileReference; lastKnownFileType = sourcecode.c.h; path = ViewController.h; sourceTree = "<group>"; };
		BC1A61142655083800ACF455 /* ViewController.m */ = {isa = PBXFileReference; lastKnownFileType = sourcecode.c.objc; path = ViewController.m; sourceTree = "<group>"; };
		BC1A61172655083800ACF455 /* Base */ = {isa = PBXFileReference; lastKnownFileType = file.storyboard; name = Base; path = Base.lproj/Main.storyboard; sourceTree = "<group>"; };
		BC1A61192655083900ACF455 /* Assets.xcassets */ = {isa = PBXFileReference; lastKnownFileType = folder.assetcatalog; path = Assets.xcassets; sourceTree = "<group>"; };
		BC1A611C2655083900ACF455 /* Base */ = {isa = PBXFileReference; lastKnownFileType = file.storyboard; name = Base; path = Base.lproj/LaunchScreen.storyboard; sourceTree = "<group>"; };
		BC1A611E2655083900ACF455 /* Info.plist */ = {isa = PBXFileReference; lastKnownFileType = text.plist.xml; path = Info.plist; sourceTree = "<group>"; };
		BC1A611F2655083900ACF455 /* main.m */ = {isa = PBXFileReference; lastKnownFileType = sourcecode.c.objc; path = main.m; sourceTree = "<group>"; };
		BC1A61272655096100ACF455 /* DetailViewController.h */ = {isa = PBXFileReference; lastKnownFileType = sourcecode.c.h; path = DetailViewController.h; sourceTree = "<group>"; };
		BC1A61282655096100ACF455 /* DetailViewController.m */ = {isa = PBXFileReference; lastKnownFileType = sourcecode.c.objc; path = DetailViewController.m; sourceTree = "<group>"; };
		BC1A612D26550AD100ACF455 /* Person.h */ = {isa = PBXFileReference; lastKnownFileType = sourcecode.c.h; path = Person.h; sourceTree = "<group>"; };
		BC1A612E26550AD100ACF455 /* Person.m */ = {isa = PBXFileReference; lastKnownFileType = sourcecode.c.objc; path = Person.m; sourceTree = "<group>"; };
		BC1A613126550AFF00ACF455 /* NSObject+KVO.h */ = {isa = PBXFileReference; lastKnownFileType = sourcecode.c.h; path = "NSObject+KVO.h"; sourceTree = "<group>"; };
		BC1A613226550AFF00ACF455 /* NSObject+KVO.m */ = {isa = PBXFileReference; lastKnownFileType = sourcecode.c.objc; path = "NSObject+KVO.m"; sourceTree = "<group>"; };
/* End PBXFileReference section */

/* Begin PBXFrameworksBuildPhase section */
		BC1A61072655083800ACF455 /* Frameworks */ = {
			isa = PBXFrameworksBuildPhase;
			buildActionMask = 2147483647;
			files = (
			);
			runOnlyForDeploymentPostprocessing = 0;
		};
/* End PBXFrameworksBuildPhase section */

/* Begin PBXGroup section */
		BC1A61012655083800ACF455 = {
			isa = PBXGroup;
			children = (
				BC1A610C2655083800ACF455 /* CustomKVODemo */,
				BC1A610B2655083800ACF455 /* Products */,
			);
			sourceTree = "<group>";
		};
		BC1A610B2655083800ACF455 /* Products */ = {
			isa = PBXGroup;
			children = (
				BC1A610A2655083800ACF455 /* CustomKVODemo.app */,
			);
			name = Products;
			sourceTree = "<group>";
		};
		BC1A610C2655083800ACF455 /* CustomKVODemo */ = {
			isa = PBXGroup;
			children = (
				BC1A610D2655083800ACF455 /* AppDelegate.h */,
				BC1A610E2655083800ACF455 /* AppDelegate.m */,
				BC1A61102655083800ACF455 /* SceneDelegate.h */,
				BC1A61112655083800ACF455 /* SceneDelegate.m */,
				BC1A61132655083800ACF455 /* ViewController.h */,
				BC1A61142655083800ACF455 /* ViewController.m */,
				BC1A61272655096100ACF455 /* DetailViewController.h */,
				BC1A61282655096100ACF455 /* DetailViewController.m */,
				BC1A612D26550AD100ACF455 /* Person.h */,
				BC1A612E26550AD100ACF455 /* Person.m */,
				BC1A613126550AFF00ACF455 /* NSObject+KVO.h */,
				BC1A613226550AFF00ACF455 /* NSObject+KVO.m */,
				BC1A61162655083800ACF455 /* Main.storyboard */,
				BC1A61192655083900ACF455 /* Assets.xcassets */,
				BC1A611B2655083900ACF455 /* LaunchScreen.storyboard */,
				BC1A611E2655083900ACF455 /* Info.plist */,
				BC1A611F2655083900ACF455 /* main.m */,
			);
			path = CustomKVODemo;
			sourceTree = "<group>";
		};
/* End PBXGroup section */

/* Begin PBXNativeTarget section */
		BC1A61092655083800ACF455 /* CustomKVODemo */ = {
			isa = PBXNativeTarget;
			buildConfigurationList = BC1A61232655083900ACF455 /* Build configuration list for PBXNativeTarget "CustomKVODemo" */;
			buildPhases = (
				BC1A61062655083800ACF455 /* Sources */,
				BC1A61072655083800ACF455 /* Frameworks */,
				BC1A61082655083800ACF455 /* Resources */,
			);
			buildRules = (
			);
			dependencies = (
			);
			name = CustomKVODemo;
			productName = CustomKVODemo;
			productReference = BC1A610A2655083800ACF455 /* CustomKVODemo.app */;
			productType = "com.apple.product-type.application";
		};
/* End PBXNativeTarget section */

/* Begin PBXProject section */
		BC1A61022655083800ACF455 /* Project object */ = {
			isa = PBXProject;
			attributes = {
				LastUpgradeCheck = 1230;
				TargetAttributes = {
					BC1A61092655083800ACF455 = {
						CreatedOnToolsVersion = 12.3;
					};
				};
			};
			buildConfigurationList = BC1A61052655083800ACF455 /* Build configuration list for PBXProject "CustomKVODemo" */;
			compatibilityVersion = "Xcode 9.3";
			developmentRegion = en;
			hasScannedForEncodings = 0;
			knownRegions = (
				en,
				Base,
			);
			mainGroup = BC1A61012655083800ACF455;
			productRefGroup = BC1A610B2655083800ACF455 /* Products */;
			projectDirPath = "";
			projectRoot = "";
			targets = (
				BC1A61092655083800ACF455 /* CustomKVODemo */,
			);
		};
/* End PBXProject section */

/* Begin PBXResourcesBuildPhase section */
		BC1A61082655083800ACF455 /* Resources */ = {
			isa = PBXResourcesBuildPhase;
			buildActionMask = 2147483647;
			files = (
				BC1A611D2655083900ACF455 /* LaunchScreen.storyboard in Resources */,
				BC1A611A2655083900ACF455 /* Assets.xcassets in Resources */,
				BC1A61182655083800ACF455 /* Main.storyboard in Resources */,
			);
			runOnlyForDeploymentPostprocessing = 0;
		};
/* End PBXResourcesBuildPhase section */

/* Begin PBXSourcesBuildPhase section */
		BC1A61062655083800ACF455 /* Sources */ = {
			isa = PBXSourcesBuildPhase;
			buildActionMask = 2147483647;
			files = (
				BC1A612F26550AD100ACF455 /* Person.m in Sources */,
				BC1A613326550AFF00ACF455 /* NSObject+KVO.m in Sources */,
				BC1A61292655096100ACF455 /* DetailViewController.m in Sources */,
				BC1A61152655083800ACF455 /* ViewController.m in Sources */,
				BC1A610F2655083800ACF455 /* AppDelegate.m in Sources */,
				BC1A61202655083900ACF455 /* main.m in Sources */,
				BC1A61122655083800ACF455 /* SceneDelegate.m in Sources */,
			);
			runOnlyForDeploymentPostprocessing = 0;
		};
/* End PBXSourcesBuildPhase section */

/* Begin PBXVariantGroup section */
		BC1A61162655083800ACF455 /* Main.storyboard */ = {
			isa = PBXVariantGroup;
			children = (
				BC1A61172655083800ACF455 /* Base */,
			);
			name = Main.storyboard;
			sourceTree = "<group>";
		};
		BC1A611B2655083900ACF455 /* LaunchScreen.storyboard */ = {
			isa = PBXVariantGroup;
			children = (
				BC1A611C2655083900ACF455 /* Base */,
			);
			name = LaunchScreen.storyboard;
			sourceTree = "<group>";
		};
/* End PBXVariantGroup section */

/* Begin XCBuildConfiguration section */
		BC1A61212655083900ACF455 /* Debug */ = {
			isa = XCBuildConfiguration;
			buildSettings = {
				ALWAYS_SEARCH_USER_PATHS = NO;
				CLANG_ANALYZER_NONNULL = YES;
				CLANG_ANALYZER_NUMBER_OBJECT_CONVERSION = YES_AGGRESSIVE;
				CLANG_CXX_LANGUAGE_STANDARD = "gnu++14";
				CLANG_CXX_LIBRARY = "libc++";
				CLANG_ENABLE_MODULES = YES;
				CLANG_ENABLE_OBJC_ARC = YES;
				CLANG_ENABLE_OBJC_WEAK = YES;
				CLANG_WARN_BLOCK_CAPTURE_AUTORELEASING = YES;
				CLANG_WARN_BOOL_CONVERSION = YES;
				CLANG_WARN_COMMA = YES;
				CLANG_WARN_CONSTANT_CONVERSION = YES;
				CLANG_WARN_DEPRECATED_OBJC_IMPLEMENTATIONS = YES;
				CLANG_WARN_DIRECT_OBJC_ISA_USAGE = YES_ERROR;
				CLANG_WARN_DOCUMENTATION_COMMENTS = YES;
				CLANG_WARN_EMPTY_BODY = YES;
				CLANG_WARN_ENUM_CONVERSION = YES;
				CLANG_WARN_INFINITE_RECURSION = YES;
				CLANG_WARN_INT_CONVERSION = YES;
				CLANG_WARN_NON_LITERAL_NULL_CONVERSION = YES;
				CLANG_WARN_OBJC_IMPLICIT_RETAIN_SELF = YES;
				CLANG_WARN_OBJC_LITERAL_CONVERSION = YES;
				CLANG_WARN_OBJC_ROOT_CLASS = YES_ERROR;
				CLANG_WARN_QUOTED_INCLUDE_IN_FRAMEWORK_HEADER = YES;
				CLANG_WARN_RANGE_LOOP_ANALYSIS = YES;
				CLANG_WARN_STRICT_PROTOTYPES = YES;
				CLANG_WARN_SUSPICIOUS_MOVE = YES;
				CLANG_WARN_UNGUARDED_AVAILABILITY = YES_AGGRESSIVE;
				CLANG_WARN_UNREACHABLE_CODE = YES;
				CLANG_WARN__DUPLICATE_METHOD_MATCH = YES;
				COPY_PHASE_STRIP = NO;
				DEBUG_INFORMATION_FORMAT = dwarf;
				ENABLE_STRICT_OBJC_MSGSEND = YES;
				ENABLE_TESTABILITY = YES;
				GCC_C_LANGUAGE_STANDARD = gnu11;
				GCC_DYNAMIC_NO_PIC = NO;
				GCC_NO_COMMON_BLOCKS = YES;
				GCC_OPTIMIZATION_LEVEL = 0;
				GCC_PREPROCESSOR_DEFINITIONS = (
					"DEBUG=1",
					"$(inherited)",
				);
				GCC_WARN_64_TO_32_BIT_CONVERSION = YES;
				GCC_WARN_ABOUT_RETURN_TYPE = YES_ERROR;
				GCC_WARN_UNDECLARED_SELECTOR = YES;
				GCC_WARN_UNINITIALIZED_AUTOS = YES_AGGRESSIVE;
				GCC_WARN_UNUSED_FUNCTION = YES;
				GCC_WARN_UNUSED_VARIABLE = YES;
				IPHONEOS_DEPLOYMENT_TARGET = 14.3;
				MTL_ENABLE_DEBUG_INFO = INCLUDE_SOURCE;
				MTL_FAST_MATH = YES;
				ONLY_ACTIVE_ARCH = YES;
				SDKROOT = iphoneos;
			};
			name = Debug;
		};
		BC1A61222655083900ACF455 /* Release */ = {
			isa = XCBuildConfiguration;
			buildSettings = {
				ALWAYS_SEARCH_USER_PATHS = NO;
				CLANG_ANALYZER_NONNULL = YES;
				CLANG_ANALYZER_NUMBER_OBJECT_CONVERSION = YES_AGGRESSIVE;
				CLANG_CXX_LANGUAGE_STANDARD = "gnu++14";
				CLANG_CXX_LIBRARY = "libc++";
				CLANG_ENABLE_MODULES = YES;
				CLANG_ENABLE_OBJC_ARC = YES;
				CLANG_ENABLE_OBJC_WEAK = YES;
				CLANG_WARN_BLOCK_CAPTURE_AUTORELEASING = YES;
				CLANG_WARN_BOOL_CONVERSION = YES;
				CLANG_WARN_COMMA = YES;
				CLANG_WARN_CONSTANT_CONVERSION = YES;
				CLANG_WARN_DEPRECATED_OBJC_IMPLEMENTATIONS = YES;
				CLANG_WARN_DIRECT_OBJC_ISA_USAGE = YES_ERROR;
				CLANG_WARN_DOCUMENTATION_COMMENTS = YES;
				CLANG_WARN_EMPTY_BODY = YES;
				CLANG_WARN_ENUM_CONVERSION = YES;
				CLANG_WARN_INFINITE_RECURSION = YES;
				CLANG_WARN_INT_CONVERSION = YES;
				CLANG_WARN_NON_LITERAL_NULL_CONVERSION = YES;
				CLANG_WARN_OBJC_IMPLICIT_RETAIN_SELF = YES;
				CLANG_WARN_OBJC_LITERAL_CONVERSION = YES;
				CLANG_WARN_OBJC_ROOT_CLASS = YES_ERROR;
				CLANG_WARN_QUOTED_INCLUDE_IN_FRAMEWORK_HEADER = YES;
				CLANG_WARN_RANGE_LOOP_ANALYSIS = YES;
				CLANG_WARN_STRICT_PROTOTYPES = YES;
				CLANG_WARN_SUSPICIOUS_MOVE = YES;
				CLANG_WARN_UNGUARDED_AVAILABILITY = YES_AGGRESSIVE;
				CLANG_WARN_UNREACHABLE_CODE = YES;
				CLANG_WARN__DUPLICATE_METHOD_MATCH = YES;
				COPY_PHASE_STRIP = NO;
				DEBUG_INFORMATION_FORMAT = "dwarf-with-dsym";
				ENABLE_NS_ASSERTIONS = NO;
				ENABLE_STRICT_OBJC_MSGSEND = YES;
				GCC_C_LANGUAGE_STANDARD = gnu11;
				GCC_NO_COMMON_BLOCKS = YES;
				GCC_WARN_64_TO_32_BIT_CONVERSION = YES;
				GCC_WARN_ABOUT_RETURN_TYPE = YES_ERROR;
				GCC_WARN_UNDECLARED_SELECTOR = YES;
				GCC_WARN_UNINITIALIZED_AUTOS = YES_AGGRESSIVE;
				GCC_WARN_UNUSED_FUNCTION = YES;
				GCC_WARN_UNUSED_VARIABLE = YES;
				IPHONEOS_DEPLOYMENT_TARGET = 14.3;
				MTL_ENABLE_DEBUG_INFO = NO;
				MTL_FAST_MATH = YES;
				SDKROOT = iphoneos;
				VALIDATE_PRODUCT = YES;
			};
			name = Release;
		};
		BC1A61242655083900ACF455 /* Debug */ = {
			isa = XCBuildConfiguration;
			buildSettings = {
				ASSETCATALOG_COMPILER_APPICON_NAME = AppIcon;
				ASSETCATALOG_COMPILER_GLOBAL_ACCENT_COLOR_NAME = AccentColor;
				CODE_SIGN_STYLE = Automatic;
				DEVELOPMENT_TEAM = EDLGAX2G53;
				INFOPLIST_FILE = CustomKVODemo/Info.plist;
				LD_RUNPATH_SEARCH_PATHS = (
					"$(inherited)",
					"@executable_path/Frameworks",
				);
				PRODUCT_BUNDLE_IDENTIFIER = com.ruiting.CustomKVODemo;
				PRODUCT_NAME = "$(TARGET_NAME)";
				TARGETED_DEVICE_FAMILY = "1,2";
			};
			name = Debug;
		};
		BC1A61252655083900ACF455 /* Release */ = {
			isa = XCBuildConfiguration;
			buildSettings = {
				ASSETCATALOG_COMPILER_APPICON_NAME = AppIcon;
				ASSETCATALOG_COMPILER_GLOBAL_ACCENT_COLOR_NAME = AccentColor;
				CODE_SIGN_STYLE = Automatic;
				DEVELOPMENT_TEAM = EDLGAX2G53;
				INFOPLIST_FILE = CustomKVODemo/Info.plist;
				LD_RUNPATH_SEARCH_PATHS = (
					"$(inherited)",
					"@executable_path/Frameworks",
				);
				PRODUCT_BUNDLE_IDENTIFIER = com.ruiting.CustomKVODemo;
				PRODUCT_NAME = "$(TARGET_NAME)";
				TARGETED_DEVICE_FAMILY = "1,2";
			};
			name = Release;
		};
/* End XCBuildConfiguration section */

/* Begin XCConfigurationList section */
		BC1A61052655083800ACF455 /* Build configuration list for PBXProject "CustomKVODemo" */ = {
			isa = XCConfigurationList;
			buildConfigurations = (
				BC1A61212655083900ACF455 /* Debug */,
				BC1A61222655083900ACF455 /* Release */,
			);
			defaultConfigurationIsVisible = 0;
			defaultConfigurationName = Release;
		};
		BC1A61232655083900ACF455 /* Build configuration list for PBXNativeTarget "CustomKVODemo" */ = {
			isa = XCConfigurationList;
			buildConfigurations = (
				BC1A61242655083900ACF455 /* Debug */,
				BC1A61252655083900ACF455 /* Release */,
			);
			defaultConfigurationIsVisible = 0;
			defaultConfigurationName = Release;
		};
/* End XCConfigurationList section */
	};
	rootObject = BC1A61022655083800ACF455 /* Project object */;
}
